<Solution>
  <Folder Name="/src/">
    <Project Path="src/TemplateBuilder.Application/TemplateBuilder.Application.csproj" />
    <Project Path="src/TemplateBuilder.Core/TemplateBuilder.Core.csproj" />
    <Project Path="src/TemplateBuilder.Domain/TemplateBuilder.Domain.csproj" />
    <Project Path="src/TemplateBuilder.Editor/TemplateBuilder.Editor.csproj" />
    <Project Path="src/TemplateBuilder.Infrastructure/TemplateBuilder.Infrastructure.csproj" />
    <Project Path="src/TemplateBuilder.Web/TemplateBuilder.Web.csproj" />
  </Folder>
  <Folder Name="/tests/">
    <Project Path="tests/TemplateBuilder.Application.Tests/TemplateBuilder.Application.Tests.csproj" />
    <Project Path="tests/TemplateBuilder.Domain.Tests/TemplateBuilder.Domain.Tests.csproj" />
    <Project Path="tests/TemplateBuilder.Infrastructure.Tests/TemplateBuilder.Infrastructure.Tests.csproj" />
    <Project Path="tests/TemplateBuilder.Editor.Tests/TemplateBuilder.Editor.Tests.csproj" />
  </Folder>
</Solution>
